
Microsoft Visual Studio Solution File, Format Version 12.00
# Visual Studio 15
VisualStudioVersion = 15.0.28307.852
MinimumVisualStudioVersion = 10.0.40219.1
Project("{9A19103F-16F7-4668-BE54-9A1E7A4F7556}") = "ConsoleCalculator", "ConsoleCalculator\ConsoleCalculator.csproj", "{B3CC804B-BB10-4D8D-AC09-CA4DB1BA08AF}"
EndProject
Project("{FAE04EC0-301F-11D3-BF4B-00C04F79EFBC}") = "CalculatorTests", "CalculatorTests\CalculatorTests.csproj", "{6FF29199-01E6-4FAA-82B8-F4ACA2179037}"
EndProject
Global
	GlobalSection(SolutionConfigurationPlatforms) = preSolution
		Debug|Any CPU = Debug|Any CPU
		Release|Any CPU = Release|Any CPU
	EndGlobalSection
	GlobalSection(ProjectConfigurationPlatforms) = postSolution
		{B3CC804B-BB10-4D8D-AC09-CA4DB1BA08AF}.Debug|Any CPU.ActiveCfg = Debug|Any CPU
		{B3CC804B-BB10-4D8D-AC09-CA4DB1BA08AF}.Debug|Any CPU.Build.0 = Debug|Any CPU
		{B3CC804B-BB10-4D8D-AC09-CA4DB1BA08AF}.Release|Any CPU.ActiveCfg = Release|Any CPU
		{B3CC804B-BB10-4D8D-AC09-CA4DB1BA08AF}.Release|Any CPU.Build.0 = Release|Any CPU
		{6FF29199-01E6-4FAA-82B8-F4ACA2179037}.Debug|Any CPU.ActiveCfg = Debug|Any CPU
		{6FF29199-01E6-4FAA-82B8-F4ACA2179037}.Debug|Any CPU.Build.0 = Debug|Any CPU
		{6FF29199-01E6-4FAA-82B8-F4ACA2179037}.Release|Any CPU.ActiveCfg = Release|Any CPU
		{6FF29199-01E6-4FAA-82B8-F4ACA2179037}.Release|Any CPU.Build.0 = Release|Any CPU
	EndGlobalSection
	GlobalSection(SolutionProperties) = preSolution
		HideSolutionNode = FALSE
	EndGlobalSection
	GlobalSection(ExtensibilityGlobals) = postSolution
		SolutionGuid = {3857BA48-3153-4062-ACDC-B90C307C59D1}
	EndGlobalSection
EndGlobal
